
Microsoft Visual Studio Solution File, Format Version 12.00
# Visual Studio Version 16
VisualStudioVersion = 16.0.30804.86
MinimumVisualStudioVersion = 10.0.40219.1
Project("{FAE04EC0-301F-11D3-BF4B-00C04F79EFBC}") = "Dziedziczenie cz.2", "Dziedziczenie cz.2\Dziedziczenie cz.2.csproj", "{980C94D0-9DD3-4304-9E50-85BD9FBC6FB8}"
EndProject
Global
	GlobalSection(SolutionConfigurationPlatforms) = preSolution
		Debug|Any CPU = Debug|Any CPU
		Release|Any CPU = Release|Any CPU
	EndGlobalSection
	GlobalSection(ProjectConfigurationPlatforms) = postSolution
		{980C94D0-9DD3-4304-9E50-85BD9FBC6FB8}.Debug|Any CPU.ActiveCfg = Debug|Any CPU
		{980C94D0-9DD3-4304-9E50-85BD9FBC6FB8}.Debug|Any CPU.Build.0 = Debug|Any CPU
		{980C94D0-9DD3-4304-9E50-85BD9FBC6FB8}.Release|Any CPU.ActiveCfg = Release|Any CPU
		{980C94D0-9DD3-4304-9E50-85BD9FBC6FB8}.Release|Any CPU.Build.0 = Release|Any CPU
	EndGlobalSection
	GlobalSection(SolutionProperties) = preSolution
		HideSolutionNode = FALSE
	EndGlobalSection
	GlobalSection(ExtensibilityGlobals) = postSolution
		SolutionGuid = {4BCEA231-9403-4949-A2D9-310F1BE38053}
	EndGlobalSection
EndGlobal
