
Microsoft Visual Studio Solution File, Format Version 12.00
# Visual Studio Version 16
VisualStudioVersion = 16.0.30804.86
MinimumVisualStudioVersion = 10.0.40219.1
Project("{FAE04EC0-301F-11D3-BF4B-00C04F79EFBC}") = "params i object", "params i object\params i object.csproj", "{16FABAD8-F8FE-409B-A83C-82620C3E1F03}"
EndProject
Global
	GlobalSection(SolutionConfigurationPlatforms) = preSolution
		Debug|Any CPU = Debug|Any CPU
		Release|Any CPU = Release|Any CPU
	EndGlobalSection
	GlobalSection(ProjectConfigurationPlatforms) = postSolution
		{16FABAD8-F8FE-409B-A83C-82620C3E1F03}.Debug|Any CPU.ActiveCfg = Debug|Any CPU
		{16FABAD8-F8FE-409B-A83C-82620C3E1F03}.Debug|Any CPU.Build.0 = Debug|Any CPU
		{16FABAD8-F8FE-409B-A83C-82620C3E1F03}.Release|Any CPU.ActiveCfg = Release|Any CPU
		{16FABAD8-F8FE-409B-A83C-82620C3E1F03}.Release|Any CPU.Build.0 = Release|Any CPU
	EndGlobalSection
	GlobalSection(SolutionProperties) = preSolution
		HideSolutionNode = FALSE
	EndGlobalSection
	GlobalSection(ExtensibilityGlobals) = postSolution
		SolutionGuid = {A73E6753-57DD-40B4-888D-3EA556809186}
	EndGlobalSection
EndGlobal
