
Microsoft Visual Studio Solution File, Format Version 12.00
# Visual Studio Version 16
VisualStudioVersion = 16.0.30611.23
MinimumVisualStudioVersion = 10.0.40219.1
Project("{FAE04EC0-301F-11D3-BF4B-00C04F79EFBC}") = "Zgadywanie", "Zgadywanie\Zgadywanie.csproj", "{778DB568-49FA-4EA6-AF33-D0C7A9791D44}"
EndProject
Global
	GlobalSection(SolutionConfigurationPlatforms) = preSolution
		Debug|Any CPU = Debug|Any CPU
		Release|Any CPU = Release|Any CPU
	EndGlobalSection
	GlobalSection(ProjectConfigurationPlatforms) = postSolution
		{778DB568-49FA-4EA6-AF33-D0C7A9791D44}.Debug|Any CPU.ActiveCfg = Debug|Any CPU
		{778DB568-49FA-4EA6-AF33-D0C7A9791D44}.Debug|Any CPU.Build.0 = Debug|Any CPU
		{778DB568-49FA-4EA6-AF33-D0C7A9791D44}.Release|Any CPU.ActiveCfg = Release|Any CPU
		{778DB568-49FA-4EA6-AF33-D0C7A9791D44}.Release|Any CPU.Build.0 = Release|Any CPU
	EndGlobalSection
	GlobalSection(SolutionProperties) = preSolution
		HideSolutionNode = FALSE
	EndGlobalSection
	GlobalSection(ExtensibilityGlobals) = postSolution
		SolutionGuid = {BE889DE3-DBA4-4572-BA99-BBE7C6424396}
	EndGlobalSection
EndGlobal
