
Microsoft Visual Studio Solution File, Format Version 12.00
# Visual Studio Version 16
VisualStudioVersion = 16.0.30804.86
MinimumVisualStudioVersion = 10.0.40219.1
Project("{FAE04EC0-301F-11D3-BF4B-00C04F79EFBC}") = "Kolekcje Dictionary", "Kolekcje Dictionary\Kolekcje Dictionary.csproj", "{91745989-C120-4AAF-98FA-C8AFB4858DAF}"
EndProject
Global
	GlobalSection(SolutionConfigurationPlatforms) = preSolution
		Debug|Any CPU = Debug|Any CPU
		Release|Any CPU = Release|Any CPU
	EndGlobalSection
	GlobalSection(ProjectConfigurationPlatforms) = postSolution
		{91745989-C120-4AAF-98FA-C8AFB4858DAF}.Debug|Any CPU.ActiveCfg = Debug|Any CPU
		{91745989-C120-4AAF-98FA-C8AFB4858DAF}.Debug|Any CPU.Build.0 = Debug|Any CPU
		{91745989-C120-4AAF-98FA-C8AFB4858DAF}.Release|Any CPU.ActiveCfg = Release|Any CPU
		{91745989-C120-4AAF-98FA-C8AFB4858DAF}.Release|Any CPU.Build.0 = Release|Any CPU
	EndGlobalSection
	GlobalSection(SolutionProperties) = preSolution
		HideSolutionNode = FALSE
	EndGlobalSection
	GlobalSection(ExtensibilityGlobals) = postSolution
		SolutionGuid = {B9A59B5F-992C-4D77-9C82-90EF82B6FDA4}
	EndGlobalSection
EndGlobal
